
Microsoft Visual Studio Solution File, Format Version 12.00
# Visual Studio Version 16
VisualStudioVersion = 16.0.30621.155
MinimumVisualStudioVersion = 10.0.40219.1
Project("{FAE04EC0-301F-11D3-BF4B-00C04F79EFBC}") = "Vandalay", "Vandalay\Vandalay.csproj", "{D489B938-44BC-4FD6-858D-76B114376152}"
EndProject
Global
	GlobalSection(SolutionConfigurationPlatforms) = preSolution
		Debug|Any CPU = Debug|Any CPU
		Release|Any CPU = Release|Any CPU
	EndGlobalSection
	GlobalSection(ProjectConfigurationPlatforms) = postSolution
		{D489B938-44BC-4FD6-858D-76B114376152}.Debug|Any CPU.ActiveCfg = Debug|Any CPU
		{D489B938-44BC-4FD6-858D-76B114376152}.Debug|Any CPU.Build.0 = Debug|Any CPU
		{D489B938-44BC-4FD6-858D-76B114376152}.Release|Any CPU.ActiveCfg = Release|Any CPU
		{D489B938-44BC-4FD6-858D-76B114376152}.Release|Any CPU.Build.0 = Release|Any CPU
	EndGlobalSection
	GlobalSection(SolutionProperties) = preSolution
		HideSolutionNode = FALSE
	EndGlobalSection
	GlobalSection(ExtensibilityGlobals) = postSolution
		SolutionGuid = {8C844BA0-1EFD-45A3-8A19-BF63AAD4594C}
	EndGlobalSection
EndGlobal
